
Microsoft Visual Studio Solution File, Format Version 12.00
# Visual Studio Version 16
VisualStudioVersion = 16.0.29209.62
MinimumVisualStudioVersion = 10.0.40219.1
Project("{8BC9CEB8-8B4A-11D0-8D11-00A0C91BC942}") = "ShadowCasting2D", "ShadowCasting2D\ShadowCasting2D.vcxproj", "{26895AE0-15EA-4F4C-AFC4-0D9F3DD9E14D}"
EndProject
Global
	GlobalSection(SolutionConfigurationPlatforms) = preSolution
		Debug|x64 = Debug|x64
		Debug|x86 = Debug|x86
		Release|x64 = Release|x64
		Release|x86 = Release|x86
	EndGlobalSection
	GlobalSection(ProjectConfigurationPlatforms) = postSolution
		{26895AE0-15EA-4F4C-AFC4-0D9F3DD9E14D}.Debug|x64.ActiveCfg = Debug|x64
		{26895AE0-15EA-4F4C-AFC4-0D9F3DD9E14D}.Debug|x64.Build.0 = Debug|x64
		{26895AE0-15EA-4F4C-AFC4-0D9F3DD9E14D}.Debug|x86.ActiveCfg = Debug|Win32
		{26895AE0-15EA-4F4C-AFC4-0D9F3DD9E14D}.Debug|x86.Build.0 = Debug|Win32
		{26895AE0-15EA-4F4C-AFC4-0D9F3DD9E14D}.Release|x64.ActiveCfg = Release|x64
		{26895AE0-15EA-4F4C-AFC4-0D9F3DD9E14D}.Release|x64.Build.0 = Release|x64
		{26895AE0-15EA-4F4C-AFC4-0D9F3DD9E14D}.Release|x86.ActiveCfg = Release|Win32
		{26895AE0-15EA-4F4C-AFC4-0D9F3DD9E14D}.Release|x86.Build.0 = Release|Win32
	EndGlobalSection
	GlobalSection(SolutionProperties) = preSolution
		HideSolutionNode = FALSE
	EndGlobalSection
	GlobalSection(ExtensibilityGlobals) = postSolution
		SolutionGuid = {899BA1C6-F230-4789-8E93-26CAD72E2CA5}
	EndGlobalSection
EndGlobal
